
Microsoft Visual Studio Solution File, Format Version 12.00
# Visual Studio 15
VisualStudioVersion = 15.0.28307.572
MinimumVisualStudioVersion = 10.0.40219.1
Project("{9A19103F-16F7-4668-BE54-9A1E7A4F7556}") = "UNode", "src\UNode\UNode.csproj", "{9A05874B-383A-49F8-9B74-4569312C0045}"
EndProject
Project("{9A19103F-16F7-4668-BE54-9A1E7A4F7556}") = "DictStream", "src\DictStream\src\DictStream\DictStream.csproj", "{9070B175-D983-4C09-AB58-6F066AB1357A}"
EndProject
Project("{FAE04EC0-301F-11D3-BF4B-00C04F79EFBC}") = "UNode.Editor", "src\UNode.Editor\UNode.Editor.csproj", "{FA92DBE2-C8DA-47C7-86C1-6F56E90F859E}"
EndProject
Global
	GlobalSection(SolutionConfigurationPlatforms) = preSolution
		Debug|Any CPU = Debug|Any CPU
		Release|Any CPU = Release|Any CPU
	EndGlobalSection
	GlobalSection(ProjectConfigurationPlatforms) = postSolution
		{9A05874B-383A-49F8-9B74-4569312C0045}.Debug|Any CPU.ActiveCfg = Debug|Any CPU
		{9A05874B-383A-49F8-9B74-4569312C0045}.Debug|Any CPU.Build.0 = Debug|Any CPU
		{9A05874B-383A-49F8-9B74-4569312C0045}.Release|Any CPU.ActiveCfg = Release|Any CPU
		{9A05874B-383A-49F8-9B74-4569312C0045}.Release|Any CPU.Build.0 = Release|Any CPU
		{9070B175-D983-4C09-AB58-6F066AB1357A}.Debug|Any CPU.ActiveCfg = Debug|Any CPU
		{9070B175-D983-4C09-AB58-6F066AB1357A}.Debug|Any CPU.Build.0 = Debug|Any CPU
		{9070B175-D983-4C09-AB58-6F066AB1357A}.Release|Any CPU.ActiveCfg = Release|Any CPU
		{9070B175-D983-4C09-AB58-6F066AB1357A}.Release|Any CPU.Build.0 = Release|Any CPU
		{FA92DBE2-C8DA-47C7-86C1-6F56E90F859E}.Debug|Any CPU.ActiveCfg = Debug|Any CPU
		{FA92DBE2-C8DA-47C7-86C1-6F56E90F859E}.Debug|Any CPU.Build.0 = Debug|Any CPU
		{FA92DBE2-C8DA-47C7-86C1-6F56E90F859E}.Release|Any CPU.ActiveCfg = Release|Any CPU
		{FA92DBE2-C8DA-47C7-86C1-6F56E90F859E}.Release|Any CPU.Build.0 = Release|Any CPU
	EndGlobalSection
	GlobalSection(SolutionProperties) = preSolution
		HideSolutionNode = FALSE
	EndGlobalSection
	GlobalSection(ExtensibilityGlobals) = postSolution
		SolutionGuid = {8ED6D0CD-01EC-4B35-8B57-8903121F9D04}
	EndGlobalSection
EndGlobal
